
Microsoft Visual Studio Solution File, Format Version 12.00
# Visual Studio Version 17
VisualStudioVersion = 17.13.35919.96 d17.13
MinimumVisualStudioVersion = 10.0.40219.1
Project("{FAE04EC0-301F-11D3-BF4B-00C04F79EFBC}") = "MatchGame", "MatchGame\MatchGame.csproj", "{07834EC8-6FA7-421F-9368-1130FC5C4E2C}"
EndProject
Global
	GlobalSection(SolutionConfigurationPlatforms) = preSolution
		Debug|Any CPU = Debug|Any CPU
		Release|Any CPU = Release|Any CPU
	EndGlobalSection
	GlobalSection(ProjectConfigurationPlatforms) = postSolution
		{07834EC8-6FA7-421F-9368-1130FC5C4E2C}.Debug|Any CPU.ActiveCfg = Debug|Any CPU
		{07834EC8-6FA7-421F-9368-1130FC5C4E2C}.Debug|Any CPU.Build.0 = Debug|Any CPU
		{07834EC8-6FA7-421F-9368-1130FC5C4E2C}.Release|Any CPU.ActiveCfg = Release|Any CPU
		{07834EC8-6FA7-421F-9368-1130FC5C4E2C}.Release|Any CPU.Build.0 = Release|Any CPU
	EndGlobalSection
	GlobalSection(SolutionProperties) = preSolution
		HideSolutionNode = FALSE
	EndGlobalSection
	GlobalSection(ExtensibilityGlobals) = postSolution
		SolutionGuid = {48CD5C41-B114-42E2-902D-49305CF6CC46}
	EndGlobalSection
EndGlobal
