
Microsoft Visual Studio Solution File, Format Version 12.00
# Visual Studio Version 17
VisualStudioVersion = 17.11.34929.205
MinimumVisualStudioVersion = 10.0.40219.1
Project("{8BC9CEB8-8B4A-11D0-8D11-00A0C91BC942}") = "cLang", "cLang.vcxproj", "{E02D017C-AE2E-457F-B0E1-0BCC1AC75F0A}"
EndProject
Global
	GlobalSection(SolutionConfigurationPlatforms) = preSolution
		Debug|x64 = Debug|x64
		Debug|x86 = Debug|x86
		Release|x64 = Release|x64
		Release|x86 = Release|x86
	EndGlobalSection
	GlobalSection(ProjectConfigurationPlatforms) = postSolution
		{E02D017C-AE2E-457F-B0E1-0BCC1AC75F0A}.Debug|x64.ActiveCfg = Debug|x64
		{E02D017C-AE2E-457F-B0E1-0BCC1AC75F0A}.Debug|x64.Build.0 = Debug|x64
		{E02D017C-AE2E-457F-B0E1-0BCC1AC75F0A}.Debug|x86.ActiveCfg = Debug|Win32
		{E02D017C-AE2E-457F-B0E1-0BCC1AC75F0A}.Debug|x86.Build.0 = Debug|Win32
		{E02D017C-AE2E-457F-B0E1-0BCC1AC75F0A}.Release|x64.ActiveCfg = Release|x64
		{E02D017C-AE2E-457F-B0E1-0BCC1AC75F0A}.Release|x64.Build.0 = Release|x64
		{E02D017C-AE2E-457F-B0E1-0BCC1AC75F0A}.Release|x86.ActiveCfg = Release|Win32
		{E02D017C-AE2E-457F-B0E1-0BCC1AC75F0A}.Release|x86.Build.0 = Release|Win32
	EndGlobalSection
	GlobalSection(SolutionProperties) = preSolution
		HideSolutionNode = FALSE
	EndGlobalSection
	GlobalSection(ExtensibilityGlobals) = postSolution
		SolutionGuid = {ACD8A07C-5BF2-466F-90FB-C9F3227DE604}
	EndGlobalSection
EndGlobal
